// !$*UTF8*$!
{
	archiveVersion = 1;
	classes = {
	};
	objectVersion = 46;
	objects = {

/* Begin PBXAggregateTarget section */
		0BA9C0E722645E0600C17D58 /* CreatePackage_PlusExtend */ = {
			isa = PBXAggregateTarget;
			buildConfigurationList = 0BA9C0EA22645E0600C17D58 /* Build configuration list for PBXAggregateTarget "CreatePackage_PlusExtend" */;
			buildPhases = (
				0BA9C0EB22645E3100C17D58 /* ShellScript */,
			);
			dependencies = (
			);
			name = CreatePackage_PlusExtend;
			productName = CreatePackage_PlusExtend;
		};
		0BA9C0EC2264619500C17D58 /* ExportModule_ShareSDKPlusExtend */ = {
			isa = PBXAggregateTarget;
			buildConfigurationList = 0BA9C0ED2264619500C17D58 /* Build configuration list for PBXAggregateTarget "ExportModule_ShareSDKPlusExtend" */;
			buildPhases = (
				0B2843092265C9BF00B8AC75 /* ShellScript */,
			);
			dependencies = (
				0B28430B2265CA3D00B8AC75 /* PBXTargetDependency */,
			);
			name = ExportModule_ShareSDKPlusExtend;
			productName = ExportModule_ShareSDKPlusExtend;
		};
/* End PBXAggregateTarget section */

/* Begin PBXBuildFile section */
		0BA9C0DF22643AA200C17D58 /* ShareSDKPlusExtend.m in Sources */ = {isa = PBXBuildFile; fileRef = 0BA9C0D622643AA200C17D58 /* ShareSDKPlusExtend.m */; };
/* End PBXBuildFile section */

/* Begin PBXContainerItemProxy section */
		0B28430A2265CA3D00B8AC75 /* PBXContainerItemProxy */ = {
			isa = PBXContainerItemProxy;
			containerPortal = 528608201A596B0600587EC2 /* Project object */;
			proxyType = 1;
			remoteGlobalIDString = 0BA9C0E722645E0600C17D58;
			remoteInfo = CreatePackage_PlusExtend;
		};
/* End PBXContainerItemProxy section */

/* Begin PBXCopyFilesBuildPhase section */
		528608261A596B0600587EC2 /* CopyFiles */ = {
			isa = PBXCopyFilesBuildPhase;
			buildActionMask = 2147483647;
			dstPath = "include/$(PRODUCT_NAME)";
			dstSubfolderSpec = 16;
			files = (
			);
			runOnlyForDeploymentPostprocessing = 0;
		};
/* End PBXCopyFilesBuildPhase section */

/* Begin PBXFileReference section */
		0BA9C0D622643AA200C17D58 /* ShareSDKPlusExtend.m */ = {isa = PBXFileReference; fileEncoding = 4; lastKnownFileType = sourcecode.c.objc; path = ShareSDKPlusExtend.m; sourceTree = "<group>"; };
		0BA9C0D722643AA200C17D58 /* ShareSDKPlusExtend.h */ = {isa = PBXFileReference; fileEncoding = 4; lastKnownFileType = sourcecode.c.h; path = ShareSDKPlusExtend.h; sourceTree = "<group>"; };
		528608281A596B0600587EC2 /* libShareSDKPlusExtend.a */ = {isa = PBXFileReference; explicitFileType = archive.ar; includeInIndex = 0; path = libShareSDKPlusExtend.a; sourceTree = BUILT_PRODUCTS_DIR; };
/* End PBXFileReference section */

/* Begin PBXFrameworksBuildPhase section */
		528608251A596B0600587EC2 /* Frameworks */ = {
			isa = PBXFrameworksBuildPhase;
			buildActionMask = 2147483647;
			files = (
			);
			runOnlyForDeploymentPostprocessing = 0;
		};
/* End PBXFrameworksBuildPhase section */

/* Begin PBXGroup section */
		0BA9C0D522643AA200C17D58 /* ShareSDKPlusExtend */ = {
			isa = PBXGroup;
			children = (
				0BA9C0D722643AA200C17D58 /* ShareSDKPlusExtend.h */,
				0BA9C0D622643AA200C17D58 /* ShareSDKPlusExtend.m */,
			);
			path = ShareSDKPlusExtend;
			sourceTree = "<group>";
		};
		5286081F1A596B0600587EC2 = {
			isa = PBXGroup;
			children = (
				0BA9C0D522643AA200C17D58 /* ShareSDKPlusExtend */,
				528608291A596B0600587EC2 /* Products */,
			);
			sourceTree = "<group>";
		};
		528608291A596B0600587EC2 /* Products */ = {
			isa = PBXGroup;
			children = (
				528608281A596B0600587EC2 /* libShareSDKPlusExtend.a */,
			);
			name = Products;
			sourceTree = "<group>";
		};
/* End PBXGroup section */

/* Begin PBXNativeTarget section */
		528608271A596B0600587EC2 /* ShareSDKPlusExtend */ = {
			isa = PBXNativeTarget;
			buildConfigurationList = 5286083C1A596B0600587EC2 /* Build configuration list for PBXNativeTarget "ShareSDKPlusExtend" */;
			buildPhases = (
				528608241A596B0600587EC2 /* Sources */,
				528608251A596B0600587EC2 /* Frameworks */,
				528608261A596B0600587EC2 /* CopyFiles */,
			);
			buildRules = (
			);
			dependencies = (
			);
			name = ShareSDKPlusExtend;
			productName = ModuleDemo;
			productReference = 528608281A596B0600587EC2 /* libShareSDKPlusExtend.a */;
			productType = "com.apple.product-type.library.static";
		};
/* End PBXNativeTarget section */

/* Begin PBXProject section */
		528608201A596B0600587EC2 /* Project object */ = {
			isa = PBXProject;
			attributes = {
				LastUpgradeCheck = 0610;
				ORGANIZATIONNAME = Mob;
				TargetAttributes = {
					0BA9C0E722645E0600C17D58 = {
						CreatedOnToolsVersion = 10.1;
						ProvisioningStyle = Automatic;
					};
					0BA9C0EC2264619500C17D58 = {
						CreatedOnToolsVersion = 10.1;
						ProvisioningStyle = Automatic;
					};
					528608271A596B0600587EC2 = {
						CreatedOnToolsVersion = 6.1;
					};
				};
			};
			buildConfigurationList = 528608231A596B0600587EC2 /* Build configuration list for PBXProject "ShareSDKPlusExtend" */;
			compatibilityVersion = "Xcode 3.2";
			developmentRegion = English;
			hasScannedForEncodings = 0;
			knownRegions = (
				English,
				en,
			);
			mainGroup = 5286081F1A596B0600587EC2;
			productRefGroup = 528608291A596B0600587EC2 /* Products */;
			projectDirPath = "";
			projectRoot = "";
			targets = (
				528608271A596B0600587EC2 /* ShareSDKPlusExtend */,
				0BA9C0E722645E0600C17D58 /* CreatePackage_PlusExtend */,
				0BA9C0EC2264619500C17D58 /* ExportModule_ShareSDKPlusExtend */,
			);
		};
/* End PBXProject section */

/* Begin PBXShellScriptBuildPhase section */
		0B2843092265C9BF00B8AC75 /* ShellScript */ = {
			isa = PBXShellScriptBuildPhase;
			buildActionMask = 2147483647;
			files = (
			);
			inputFileListPaths = (
			);
			inputPaths = (
			);
			outputFileListPaths = (
			);
			outputPaths = (
			);
			runOnlyForDeploymentPostprocessing = 0;
			shellPath = /bin/sh;
			shellScript = "#要build的target名\nTARGET_NAME=${PROJECT_NAME}\n#echo \"target_Name=${TARGET_NAME}\"\n\nModuleName=shareSDKPlusExtend\n\n#要build的target名\nINSTALL_DIR=${SRCROOT}/../UZModules/${ModuleName}\nINSTALL_DIR_A=${INSTALL_DIR}/lib${TARGET_NAME}.a\n\n\n#模块打包\nEXPORT_ROOT=${SRCROOT}/../Export_Modules/${ModuleName}\nEXPORT_DIR=${EXPORT_ROOT}/target\nEXPORT_DIR_A=${EXPORT_DIR}/lib${TARGET_NAME}.a\n\n#SDK\nSDK_DIR=${SRCROOT}/../SDK\n\nif [ -d \"${EXPORT_DIR}\" ]\nthen\nrm -rf \"${EXPORT_DIR}\"\nfi\nmkdir -p \"${EXPORT_DIR}\"\n\ncp \"${INSTALL_DIR_A}\" \"${EXPORT_DIR}/\"\n\n###SDK/ShareSDK/Support/PlatformConnector\n###SDK/ShareSDK/Support/PlatformSDK\n###如下：在store模块基础上 添加 自定义模块：（排除QQ平台、新浪平台、微信平台）根据需求使用选择平台，注释必要的平台\n\n### 抖音 ###\ncp -R \"${SDK_DIR}/ShareSDK/Support/PlatformConnector/DouyinConnector.framework\" \"${EXPORT_DIR}/\"\ncp -R \"${SDK_DIR}/ShareSDK/Support/PlatformSDK/DouyinOpenSDK/libDouyinOpenSDK.a\" \"${EXPORT_DIR}/\" #可有可无DouyinConnector内部实现了去SDK功能\n\n### FacebookMessenger ###\n#cp -R \"${SDK_DIR}/ShareSDK/Support/PlatformConnector/FacebookMessengerConnector.framework\" \"${EXPORT_DIR}/\"\n\n### Facebook账户系统 ###\n#cp -R \"${SDK_DIR}/ShareSDK/Support/PlatformConnector/FacebookAccountConnector.framework\" \"${EXPORT_DIR}/\"\n#cp -R \"${SDK_DIR}/ShareSDK/Support/PlatformSDK/FacebookAccountSDK/AccountKit.framework\" \"${EXPORT_DIR}/\"\n#mkdir -p \"${EXPORT_DIR}/FacebookAccountSDK\"\n#cp -R \"${SDK_DIR}/ShareSDK/Support/PlatformSDK/FacebookAccountSDK/AccountKitStrings.bundle\" \"${EXPORT_DIR}/FacebookAccountSDK/\"\n\n\n### google ###\n#cp -R \"${SDK_DIR}/ShareSDK/Support/PlatformConnector/GooglePlusConnector.framework\" \"${EXPORT_DIR}/\"\n\n### 支付宝好友/朋友圈 ###\n#cp -R \"${SDK_DIR}/ShareSDK/Support/PlatformConnector/AliSocialConnector.framework\" \"${EXPORT_DIR}/\"\n#cp -R \"${SDK_DIR}/ShareSDK/Support/PlatformSDK/APSocialSDK/libAPOpenSdk.a\" \"${EXPORT_DIR}/\"\n\n### Instagram ###\n#cp -R \"${SDK_DIR}/ShareSDK/Support/PlatformConnector/InstagramConnector.framework\" \"${EXPORT_DIR}/\"\n\n### Pinterest ###\n#cp -R \"${SDK_DIR}/ShareSDK/Support/PlatformConnector/PinterestConnector.framework\" \"${EXPORT_DIR}/\"\n\n### 易信 ###\n#cp -R \"${SDK_DIR}/ShareSDK/Support/PlatformConnector/EasyChatConnector.framework\" \"${EXPORT_DIR}/\"\n#cp -R \"${SDK_DIR}/ShareSDK/Support/PlatformSDK/YiXinSDK/libYixinSDK.a\" \"${EXPORT_DIR}/\"\n\n### 印象笔记 ###\n#cp -R \"${SDK_DIR}/ShareSDK/Support/PlatformConnector/EvernoteConnector.framework\" \"${EXPORT_DIR}/\"\n\n### kakao ###\n#cp -R \"${SDK_DIR}/ShareSDK/Support/PlatformConnector/KakaoConnector.framework\" \"${EXPORT_DIR}/\"\n#cp -R \"${SDK_DIR}/ShareSDK/Support/PlatformSDK/KaKaoSDK/\" \"${EXPORT_DIR}/\"\n\n### 钉钉 ###\n#cp -R \"${SDK_DIR}/ShareSDK/Support/PlatformConnector/DingTalkConnector.framework\" \"${EXPORT_DIR}/\"\n#cp -R \"${SDK_DIR}/ShareSDK/Support/PlatformSDK/DingTalkSDK/DTShareKit.framework\" \"${EXPORT_DIR}/\"\n\n### 豆瓣 ###\n#cp -R \"${SDK_DIR}/ShareSDK/Support/PlatformConnector/DouBanConnector.framework\" \"${EXPORT_DIR}/\"\n\n### Dropbox ###\n#cp -R \"${SDK_DIR}/ShareSDK/Support/PlatformConnector/DropboxConnector.framework\" \"${EXPORT_DIR}/\"\n\n### Flickr ###\n#cp -R \"${SDK_DIR}/ShareSDK/Support/PlatformConnector/FlickrConnector.framework\" \"${EXPORT_DIR}/\"\n\n### Instapaper ###\n#cp -R \"${SDK_DIR}/ShareSDK/Support/PlatformConnector/InstapaperConnector.framework\" \"${EXPORT_DIR}/\"\n\n### Line ###\n#cp -R \"${SDK_DIR}/ShareSDK/Support/PlatformConnector/LineConnector.framework\" \"${EXPORT_DIR}/\"\n#cp -R \"${SDK_DIR}/ShareSDK/Support/PlatformSDK/LineSDK/LineSDK.framework\" \"${EXPORT_DIR}/\"\n\n### Linked ###\n#cp -R \"${SDK_DIR}/ShareSDK/Support/PlatformConnector/LinkedInConnector.framework\" \"${EXPORT_DIR}/\"\n\n### Tumblr ###\n#cp -R \"${SDK_DIR}/ShareSDK/Support/PlatformConnector/TumblrConnector.framework\" \"${EXPORT_DIR}/\"\n\n### 美拍 ###\n#cp -R \"${SDK_DIR}/ShareSDK/Support/PlatformConnector/MeiPaiConnector.framework\" \"${EXPORT_DIR}/\"\n#cp -R \"${SDK_DIR}/ShareSDK/Support/PlatformSDK/MPShareSDK/MPShareSDK.framework\" \"${EXPORT_DIR}/\"\n\n### Pocket ###\n#cp -R \"${SDK_DIR}/ShareSDK/Support/PlatformConnector/PocketConnector.framework\" \"${EXPORT_DIR}/\"\n\n### 开心网 ###\n#cp -R \"${SDK_DIR}/ShareSDK/Support/PlatformConnector/KaiXinConnector.framework\" \"${EXPORT_DIR}/\"\n\n### 明道 ###\n#cp -R \"${SDK_DIR}/ShareSDK/Support/PlatformConnector/MingDaoConnector.framework\" \"${EXPORT_DIR}/\"\n\n### VKontakte ###\n#cp -R \"${SDK_DIR}/ShareSDK/Support/PlatformConnector/VKontakteConnector.framework\" \"${EXPORT_DIR}/\"\n\n### YouTube ###\n#cp -R \"${SDK_DIR}/ShareSDK/Support/PlatformConnector/YouTubeConnector.framework\" \"${EXPORT_DIR}/\"\n\n### WhatsApp ###\n#cp -R \"${SDK_DIR}/ShareSDK/Support/PlatformConnector/WhatsAppConnector.framework\" \"${EXPORT_DIR}/\"\n\n### 腾讯微博 ###\n#cp -R \"${SDK_DIR}/ShareSDK/Support/PlatformConnector/TencentWeiboConnector.framework\" \"${EXPORT_DIR}/\"\n\n### 邮箱 ###\n#cp -R \"${SDK_DIR}/ShareSDK/Support/PlatformConnector/MailConnector.framework\" \"${EXPORT_DIR}/\"\n\n### 打印 ###\n#cp -R \"${SDK_DIR}/ShareSDK/Support/PlatformConnector/PrintConnector.framework\" \"${EXPORT_DIR}/\"\n\n### 短信 ###\n#cp -R \"${SDK_DIR}/ShareSDK/Support/PlatformConnector/SMSConnector.framework\" \"${EXPORT_DIR}/\"\n\n### 拷贝 ###\n#cp -R \"${SDK_DIR}/ShareSDK/Support/PlatformConnector/CopyConnector.framework\" \"${EXPORT_DIR}/\"\n\n### 人人网 ###\n#cp -R \"${SDK_DIR}/ShareSDK/Support/PlatformConnector/RenrenConnector.framework\" \"${EXPORT_DIR}/\"\n#cp -R \"${SDK_DIR}/ShareSDK/Support/PlatformSDK/RenRenSDK/RennSDK.framework\" \"${EXPORT_DIR}/\"\n#mkdir -p \"${EXPORT_DIR}/RenRenSDK\"\n#cp -R \"${SDK_DIR}/ShareSDK/Support/PlatformSDK/RenRenSDK/RennSDK.bundle\" \"${EXPORT_DIR}/RenRenSDK/\"\n\n### 有道云笔记 ###\n#cp -R \"${SDK_DIR}/ShareSDK/Support/PlatformConnector/YouDaoNoteConnector.framework\" \"${EXPORT_DIR}/\"\n\n### Telegram ###\n#cp -R \"${SDK_DIR}/ShareSDK/Support/PlatformConnector/TelegramConnector.framework\" \"${EXPORT_DIR}/\"\n\n### Reddit ###\n#cp -R \"${SDK_DIR}/ShareSDK/Support/PlatformConnector/RedditConnector.framework\" \"${EXPORT_DIR}/\"\n\n### 中国移动 ###\n#cp -R \"${SDK_DIR}/ShareSDK/Support/PlatformConnector/CMCCConnector.framework\" \"${EXPORT_DIR}/\"\n#cp -R \"${SDK_DIR}/ShareSDK/Support/PlatformSDK/CMCCSDK/TYRZSDK.framework\" \"${EXPORT_DIR}/\"\n#mkdir -p \"${EXPORT_DIR}/CMCCSDK\"\n#cp -R \"${SDK_DIR}/ShareSDK/Support/PlatformSDK/CMCCSDK/Resource.bundle\" \"${EXPORT_DIR}/CMCCSDK/\"\n\n### 天翼 ###\n#cp -R \"${SDK_DIR}/ShareSDK/Support/PlatformConnector/ESurfingConnector.framework\" \"${EXPORT_DIR}/\"\n#cp -R \"${SDK_DIR}/ShareSDK/Support/PlatformSDK/ESurfingSDK/EAccountSDKArchive.framework\" \"${EXPORT_DIR}/\"\n#mkdir -p \"${EXPORT_DIR}/ESurfingSDK\"\n#cp -R \"${SDK_DIR}/ShareSDK/Support/PlatformSDK/ESurfingSDK/HTMLResource.bundle\" \"${EXPORT_DIR}/ESurfingSDK/\"\n\ncd ${EXPORT_ROOT}/../\nzip -rq ${ModuleName}.zip ${ModuleName}\n\nopen ${EXPORT_ROOT}\n\n";
		};
		0BA9C0EB22645E3100C17D58 /* ShellScript */ = {
			isa = PBXShellScriptBuildPhase;
			buildActionMask = 2147483647;
			files = (
			);
			inputFileListPaths = (
			);
			inputPaths = (
			);
			outputFileListPaths = (
			);
			outputPaths = (
			);
			runOnlyForDeploymentPostprocessing = 0;
			shellPath = /bin/sh;
			shellScript = "\n#要build的target名\nTARGET_NAME=${PROJECT_NAME}\n#echo \"target_Name=${TARGET_NAME}\"\n\n#要build的target名\nINSTALL_DIR=${SRCROOT}/../UZModules/shareSDKPlusExtend\nINSTALL_DIR_A=${INSTALL_DIR}/lib${TARGET_NAME}.a\nINSTALL_DIR_Headers=${INSTALL_DIR}/Headers\n\nWORK_DIR=build\nDEVICE_DIR_A=${WORK_DIR}/Release-iphoneos/lib${TARGET_NAME}.a\nSIMULATOR_DIR_A=${WORK_DIR}/Release-iphonesimulator/lib${TARGET_NAME}.a\nDEVICE_DIR_INCLUDE=${WORK_DIR}/Release-iphoneos/include\n\n# -configuration ${CONFIGURATION}\n# Clean and Building both architectures.\n#xcodebuild -target ${TARGET_NAME} clean\n\nxcodebuild BITCODE_GENERATION_MODE=bitcode OTHER_CFLAGS=\"-fembed-bitcode\" -arch \"armv7s\" -arch \"armv7\" -arch \"arm64\" -configuration \"Release\" -target \"${TARGET_NAME}\" -sdk iphoneos build\nxcodebuild BITCODE_GENERATION_MODE=bitcode OTHER_CFLAGS=\"-fembed-bitcode\" -arch \"i386\" -arch \"x86_64\" -configuration \"Release\" -target \"${TARGET_NAME}\" -sdk iphonesimulator build\n\n#模拟器build\n#xcodebuild -target ${TARGET_NAME} -configuration Release -sdk iphonesimulator\n#真机build\n#xcodebuild -target ${TARGET_NAME} -configuration Release -sdk iphoneos\n\n# Cleaning the oldest.\nif [ -d \"${INSTALL_DIR_A}\" ]\nthen\nrm -rf \"${INSTALL_DIR_A}\"\nfi\n\nif [ -d \"${INSTALL_DIR_Headers}\" ]\nthen\nrm -rf \"${INSTALL_DIR_Headers}\"\nfi\n\n#复制头文件到目标文件夹\n#cp -R \"${DEVICE_DIR_INCLUDE}\" \"${INSTALL_DIR_Headers}\"\n\n# Uses the Lipo Tool to merge both binary files (i386 + armv6/armv7) into one Universal final product.\nlipo -create \"${DEVICE_DIR_A}\" \"${SIMULATOR_DIR_A}\" -output \"${INSTALL_DIR_A}\"\n\nrm -r \"${WORK_DIR}\"\n\n\n\n\n\n\n\n\n\n\n";
		};
/* End PBXShellScriptBuildPhase section */

/* Begin PBXSourcesBuildPhase section */
		528608241A596B0600587EC2 /* Sources */ = {
			isa = PBXSourcesBuildPhase;
			buildActionMask = 2147483647;
			files = (
				0BA9C0DF22643AA200C17D58 /* ShareSDKPlusExtend.m in Sources */,
			);
			runOnlyForDeploymentPostprocessing = 0;
		};
/* End PBXSourcesBuildPhase section */

/* Begin PBXTargetDependency section */
		0B28430B2265CA3D00B8AC75 /* PBXTargetDependency */ = {
			isa = PBXTargetDependency;
			target = 0BA9C0E722645E0600C17D58 /* CreatePackage_PlusExtend */;
			targetProxy = 0B28430A2265CA3D00B8AC75 /* PBXContainerItemProxy */;
		};
/* End PBXTargetDependency section */

/* Begin XCBuildConfiguration section */
		0BA9C0E822645E0600C17D58 /* Debug */ = {
			isa = XCBuildConfiguration;
			buildSettings = {
				CODE_SIGN_STYLE = Automatic;
				PRODUCT_NAME = "$(TARGET_NAME)";
			};
			name = Debug;
		};
		0BA9C0E922645E0600C17D58 /* Release */ = {
			isa = XCBuildConfiguration;
			buildSettings = {
				CODE_SIGN_STYLE = Automatic;
				PRODUCT_NAME = "$(TARGET_NAME)";
			};
			name = Release;
		};
		0BA9C0EE2264619500C17D58 /* Debug */ = {
			isa = XCBuildConfiguration;
			buildSettings = {
				CODE_SIGN_STYLE = Automatic;
				PRODUCT_NAME = "$(TARGET_NAME)";
			};
			name = Debug;
		};
		0BA9C0EF2264619500C17D58 /* Release */ = {
			isa = XCBuildConfiguration;
			buildSettings = {
				CODE_SIGN_STYLE = Automatic;
				PRODUCT_NAME = "$(TARGET_NAME)";
			};
			name = Release;
		};
		5286083A1A596B0600587EC2 /* Debug */ = {
			isa = XCBuildConfiguration;
			buildSettings = {
				ALWAYS_SEARCH_USER_PATHS = NO;
				ARCHS = (
					"$(ARCHS_STANDARD)",
					armv7s,
				);
				CLANG_CXX_LANGUAGE_STANDARD = "gnu++0x";
				CLANG_CXX_LIBRARY = "libc++";
				CLANG_ENABLE_MODULES = YES;
				CLANG_ENABLE_OBJC_ARC = YES;
				CLANG_WARN_BOOL_CONVERSION = YES;
				CLANG_WARN_CONSTANT_CONVERSION = YES;
				CLANG_WARN_DIRECT_OBJC_ISA_USAGE = YES_ERROR;
				CLANG_WARN_EMPTY_BODY = YES;
				CLANG_WARN_ENUM_CONVERSION = YES;
				CLANG_WARN_INT_CONVERSION = YES;
				CLANG_WARN_OBJC_ROOT_CLASS = YES_ERROR;
				CLANG_WARN_UNREACHABLE_CODE = YES;
				CLANG_WARN__DUPLICATE_METHOD_MATCH = YES;
				COPY_PHASE_STRIP = NO;
				ENABLE_STRICT_OBJC_MSGSEND = YES;
				GCC_C_LANGUAGE_STANDARD = gnu99;
				GCC_DYNAMIC_NO_PIC = NO;
				GCC_OPTIMIZATION_LEVEL = 0;
				GCC_PREPROCESSOR_DEFINITIONS = (
					"DEBUG=1",
					"$(inherited)",
				);
				GCC_SYMBOLS_PRIVATE_EXTERN = NO;
				GCC_WARN_64_TO_32_BIT_CONVERSION = YES;
				GCC_WARN_ABOUT_RETURN_TYPE = YES_ERROR;
				GCC_WARN_UNDECLARED_SELECTOR = YES;
				GCC_WARN_UNINITIALIZED_AUTOS = YES_AGGRESSIVE;
				GCC_WARN_UNUSED_FUNCTION = YES;
				GCC_WARN_UNUSED_VARIABLE = YES;
				IPHONEOS_DEPLOYMENT_TARGET = 8.0;
				MTL_ENABLE_DEBUG_INFO = YES;
				ONLY_ACTIVE_ARCH = NO;
				SDKROOT = iphoneos;
			};
			name = Debug;
		};
		5286083B1A596B0600587EC2 /* Release */ = {
			isa = XCBuildConfiguration;
			buildSettings = {
				ALWAYS_SEARCH_USER_PATHS = NO;
				ARCHS = (
					"$(ARCHS_STANDARD)",
					armv7s,
				);
				CLANG_CXX_LANGUAGE_STANDARD = "gnu++0x";
				CLANG_CXX_LIBRARY = "libc++";
				CLANG_ENABLE_MODULES = YES;
				CLANG_ENABLE_OBJC_ARC = YES;
				CLANG_WARN_BOOL_CONVERSION = YES;
				CLANG_WARN_CONSTANT_CONVERSION = YES;
				CLANG_WARN_DIRECT_OBJC_ISA_USAGE = YES_ERROR;
				CLANG_WARN_EMPTY_BODY = YES;
				CLANG_WARN_ENUM_CONVERSION = YES;
				CLANG_WARN_INT_CONVERSION = YES;
				CLANG_WARN_OBJC_ROOT_CLASS = YES_ERROR;
				CLANG_WARN_UNREACHABLE_CODE = YES;
				CLANG_WARN__DUPLICATE_METHOD_MATCH = YES;
				COPY_PHASE_STRIP = YES;
				ENABLE_NS_ASSERTIONS = NO;
				ENABLE_STRICT_OBJC_MSGSEND = YES;
				GCC_C_LANGUAGE_STANDARD = gnu99;
				GCC_WARN_64_TO_32_BIT_CONVERSION = YES;
				GCC_WARN_ABOUT_RETURN_TYPE = YES_ERROR;
				GCC_WARN_UNDECLARED_SELECTOR = YES;
				GCC_WARN_UNINITIALIZED_AUTOS = YES_AGGRESSIVE;
				GCC_WARN_UNUSED_FUNCTION = YES;
				GCC_WARN_UNUSED_VARIABLE = YES;
				IPHONEOS_DEPLOYMENT_TARGET = 8.0;
				MTL_ENABLE_DEBUG_INFO = NO;
				ONLY_ACTIVE_ARCH = NO;
				SDKROOT = iphoneos;
				VALIDATE_PRODUCT = YES;
			};
			name = Release;
		};
		5286083D1A596B0600587EC2 /* Debug */ = {
			isa = XCBuildConfiguration;
			buildSettings = {
				ARCHS = "$(ARCHS_STANDARD)";
				FRAMEWORK_SEARCH_PATHS = "$(PROJECT_DIR)/../SDK/**";
				HEADER_SEARCH_PATHS = "$(PROJECT_DIR)/UZEngine/**";
				ONLY_ACTIVE_ARCH = NO;
				OTHER_CFLAGS = "-fembed-bitcode";
				OTHER_LDFLAGS = "-ObjC";
				PRIVATE_HEADERS_FOLDER_PATH = /include;
				PRODUCT_NAME = ShareSDKPlusExtend;
				PUBLIC_HEADERS_FOLDER_PATH = /include;
				SKIP_INSTALL = YES;
			};
			name = Debug;
		};
		5286083E1A596B0600587EC2 /* Release */ = {
			isa = XCBuildConfiguration;
			buildSettings = {
				ARCHS = "$(ARCHS_STANDARD)";
				FRAMEWORK_SEARCH_PATHS = "$(PROJECT_DIR)/../SDK/**";
				HEADER_SEARCH_PATHS = "$(PROJECT_DIR)/UZEngine/**";
				ONLY_ACTIVE_ARCH = NO;
				OTHER_CFLAGS = "-fembed-bitcode";
				OTHER_LDFLAGS = "-ObjC";
				PRIVATE_HEADERS_FOLDER_PATH = /include;
				PRODUCT_NAME = ShareSDKPlusExtend;
				PUBLIC_HEADERS_FOLDER_PATH = /include;
				SKIP_INSTALL = YES;
			};
			name = Release;
		};
/* End XCBuildConfiguration section */

/* Begin XCConfigurationList section */
		0BA9C0EA22645E0600C17D58 /* Build configuration list for PBXAggregateTarget "CreatePackage_PlusExtend" */ = {
			isa = XCConfigurationList;
			buildConfigurations = (
				0BA9C0E822645E0600C17D58 /* Debug */,
				0BA9C0E922645E0600C17D58 /* Release */,
			);
			defaultConfigurationIsVisible = 0;
			defaultConfigurationName = Release;
		};
		0BA9C0ED2264619500C17D58 /* Build configuration list for PBXAggregateTarget "ExportModule_ShareSDKPlusExtend" */ = {
			isa = XCConfigurationList;
			buildConfigurations = (
				0BA9C0EE2264619500C17D58 /* Debug */,
				0BA9C0EF2264619500C17D58 /* Release */,
			);
			defaultConfigurationIsVisible = 0;
			defaultConfigurationName = Release;
		};
		528608231A596B0600587EC2 /* Build configuration list for PBXProject "ShareSDKPlusExtend" */ = {
			isa = XCConfigurationList;
			buildConfigurations = (
				5286083A1A596B0600587EC2 /* Debug */,
				5286083B1A596B0600587EC2 /* Release */,
			);
			defaultConfigurationIsVisible = 0;
			defaultConfigurationName = Release;
		};
		5286083C1A596B0600587EC2 /* Build configuration list for PBXNativeTarget "ShareSDKPlusExtend" */ = {
			isa = XCConfigurationList;
			buildConfigurations = (
				5286083D1A596B0600587EC2 /* Debug */,
				5286083E1A596B0600587EC2 /* Release */,
			);
			defaultConfigurationIsVisible = 0;
			defaultConfigurationName = Release;
		};
/* End XCConfigurationList section */
	};
	rootObject = 528608201A596B0600587EC2 /* Project object */;
}
